// !$*UTF8*$!
{
	archiveVersion = 1;
	classes = {
	};
	objectVersion = 51;
	objects = {

/* Begin PBXBuildFile section */
		5BCED9972F3F52988A4B148C /* Pods_MusicApp.framework in Frameworks */ = {isa = PBXBuildFile; fileRef = 3E4785839A8365E222B034E9 /* Pods_MusicApp.framework */; };
		FE3665B927EA33F10055B79D /* AppDelegate.swift in Sources */ = {isa = PBXBuildFile; fileRef = FE3665B827EA33F10055B79D /* AppDelegate.swift */; };
		FE3665BB27EA33F10055B79D /* SceneDelegate.swift in Sources */ = {isa = PBXBuildFile; fileRef = FE3665BA27EA33F10055B79D /* SceneDelegate.swift */; };
		FE3665BD27EA33F10055B79D /* ViewController.swift in Sources */ = {isa = PBXBuildFile; fileRef = FE3665BC27EA33F10055B79D /* ViewController.swift */; };
		FE3665C027EA33F10055B79D /* Main.storyboard in Resources */ = {isa = PBXBuildFile; fileRef = FE3665BE27EA33F10055B79D /* Main.storyboard */; };
		FE3665C227EA33F80055B79D /* Assets.xcassets in Resources */ = {isa = PBXBuildFile; fileRef = FE3665C127EA33F80055B79D /* Assets.xcassets */; };
		FE3665C527EA33F80055B79D /* LaunchScreen.storyboard in Resources */ = {isa = PBXBuildFile; fileRef = FE3665C327EA33F80055B79D /* LaunchScreen.storyboard */; };
		FE3665CD27EA37480055B79D /* MusicTableViewController.swift in Sources */ = {isa = PBXBuildFile; fileRef = FE3665CC27EA37480055B79D /* MusicTableViewController.swift */; };
		FE3665CF27EA38E60055B79D /* itunesMusic.swift in Sources */ = {isa = PBXBuildFile; fileRef = FE3665CE27EA38E60055B79D /* itunesMusic.swift */; };
		FE3665D127EA41560055B79D /* MusicTableViewCell.swift in Sources */ = {isa = PBXBuildFile; fileRef = FE3665D027EA41560055B79D /* MusicTableViewCell.swift */; };
		FEAD4F1427F2162200FDAF3B /* WebKit.framework in Frameworks */ = {isa = PBXBuildFile; fileRef = FEAD4F1327F2162200FDAF3B /* WebKit.framework */; };
/* End PBXBuildFile section */

/* Begin PBXFileReference section */
		3E4785839A8365E222B034E9 /* Pods_MusicApp.framework */ = {isa = PBXFileReference; explicitFileType = wrapper.framework; includeInIndex = 0; path = Pods_MusicApp.framework; sourceTree = BUILT_PRODUCTS_DIR; };
		82C8DC7FAE40AEFE93040772 /* Pods-MusicApp.debug.xcconfig */ = {isa = PBXFileReference; includeInIndex = 1; lastKnownFileType = text.xcconfig; name = "Pods-MusicApp.debug.xcconfig"; path = "Target Support Files/Pods-MusicApp/Pods-MusicApp.debug.xcconfig"; sourceTree = "<group>"; };
		91682237FAE3FAAE29B4D1D3 /* Pods-MusicApp.release.xcconfig */ = {isa = PBXFileReference; includeInIndex = 1; lastKnownFileType = text.xcconfig; name = "Pods-MusicApp.release.xcconfig"; path = "Target Support Files/Pods-MusicApp/Pods-MusicApp.release.xcconfig"; sourceTree = "<group>"; };
		FE3665B527EA33F10055B79D /* MusicApp.app */ = {isa = PBXFileReference; explicitFileType = wrapper.application; includeInIndex = 0; path = MusicApp.app; sourceTree = BUILT_PRODUCTS_DIR; };
		FE3665B827EA33F10055B79D /* AppDelegate.swift */ = {isa = PBXFileReference; lastKnownFileType = sourcecode.swift; path = AppDelegate.swift; sourceTree = "<group>"; };
		FE3665BA27EA33F10055B79D /* SceneDelegate.swift */ = {isa = PBXFileReference; lastKnownFileType = sourcecode.swift; path = SceneDelegate.swift; sourceTree = "<group>"; };
		FE3665BC27EA33F10055B79D /* ViewController.swift */ = {isa = PBXFileReference; lastKnownFileType = sourcecode.swift; path = ViewController.swift; sourceTree = "<group>"; };
		FE3665BF27EA33F10055B79D /* Base */ = {isa = PBXFileReference; lastKnownFileType = file.storyboard; name = Base; path = Base.lproj/Main.storyboard; sourceTree = "<group>"; };
		FE3665C127EA33F80055B79D /* Assets.xcassets */ = {isa = PBXFileReference; lastKnownFileType = folder.assetcatalog; path = Assets.xcassets; sourceTree = "<group>"; };
		FE3665C427EA33F80055B79D /* Base */ = {isa = PBXFileReference; lastKnownFileType = file.storyboard; name = Base; path = Base.lproj/LaunchScreen.storyboard; sourceTree = "<group>"; };
		FE3665C627EA33F80055B79D /* Info.plist */ = {isa = PBXFileReference; lastKnownFileType = text.plist.xml; path = Info.plist; sourceTree = "<group>"; };
		FE3665CC27EA37480055B79D /* MusicTableViewController.swift */ = {isa = PBXFileReference; lastKnownFileType = sourcecode.swift; path = MusicTableViewController.swift; sourceTree = "<group>"; };
		FE3665CE27EA38E60055B79D /* itunesMusic.swift */ = {isa = PBXFileReference; lastKnownFileType = sourcecode.swift; path = itunesMusic.swift; sourceTree = "<group>"; };
		FE3665D027EA41560055B79D /* MusicTableViewCell.swift */ = {isa = PBXFileReference; lastKnownFileType = sourcecode.swift; path = MusicTableViewCell.swift; sourceTree = "<group>"; };
		FEAD4F1327F2162200FDAF3B /* WebKit.framework */ = {isa = PBXFileReference; lastKnownFileType = wrapper.framework; name = WebKit.framework; path = System/Library/Frameworks/WebKit.framework; sourceTree = SDKROOT; };
/* End PBXFileReference section */

/* Begin PBXFrameworksBuildPhase section */
		FE3665B227EA33F10055B79D /* Frameworks */ = {
			isa = PBXFrameworksBuildPhase;
			buildActionMask = 2147483647;
			files = (
				FEAD4F1427F2162200FDAF3B /* WebKit.framework in Frameworks */,
				5BCED9972F3F52988A4B148C /* Pods_MusicApp.framework in Frameworks */,
			);
			runOnlyForDeploymentPostprocessing = 0;
		};
/* End PBXFrameworksBuildPhase section */

/* Begin PBXGroup section */
		835A1576AEF34E6FCA1ACBCC /* Frameworks */ = {
			isa = PBXGroup;
			children = (
				FEAD4F1327F2162200FDAF3B /* WebKit.framework */,
				3E4785839A8365E222B034E9 /* Pods_MusicApp.framework */,
			);
			name = Frameworks;
			sourceTree = "<group>";
		};
		FB9DA28F85625ECA6AA11859 /* Pods */ = {
			isa = PBXGroup;
			children = (
				82C8DC7FAE40AEFE93040772 /* Pods-MusicApp.debug.xcconfig */,
				91682237FAE3FAAE29B4D1D3 /* Pods-MusicApp.release.xcconfig */,
			);
			path = Pods;
			sourceTree = "<group>";
		};
		FE3665AC27EA33F10055B79D = {
			isa = PBXGroup;
			children = (
				FE3665B727EA33F10055B79D /* MusicApp */,
				FE3665B627EA33F10055B79D /* Products */,
				FB9DA28F85625ECA6AA11859 /* Pods */,
				835A1576AEF34E6FCA1ACBCC /* Frameworks */,
			);
			sourceTree = "<group>";
		};
		FE3665B627EA33F10055B79D /* Products */ = {
			isa = PBXGroup;
			children = (
				FE3665B527EA33F10055B79D /* MusicApp.app */,
			);
			name = Products;
			sourceTree = "<group>";
		};
		FE3665B727EA33F10055B79D /* MusicApp */ = {
			isa = PBXGroup;
			children = (
				FE3665B827EA33F10055B79D /* AppDelegate.swift */,
				FE3665BA27EA33F10055B79D /* SceneDelegate.swift */,
				FE3665BC27EA33F10055B79D /* ViewController.swift */,
				FE3665CC27EA37480055B79D /* MusicTableViewController.swift */,
				FE3665D027EA41560055B79D /* MusicTableViewCell.swift */,
				FE3665CE27EA38E60055B79D /* itunesMusic.swift */,
				FE3665BE27EA33F10055B79D /* Main.storyboard */,
				FE3665C127EA33F80055B79D /* Assets.xcassets */,
				FE3665C327EA33F80055B79D /* LaunchScreen.storyboard */,
				FE3665C627EA33F80055B79D /* Info.plist */,
			);
			path = MusicApp;
			sourceTree = "<group>";
		};
/* End PBXGroup section */

/* Begin PBXNativeTarget section */
		FE3665B427EA33F10055B79D /* MusicApp */ = {
			isa = PBXNativeTarget;
			buildConfigurationList = FE3665C927EA33F80055B79D /* Build configuration list for PBXNativeTarget "MusicApp" */;
			buildPhases = (
				BFC68260CA6D38AF80F419D2 /* [CP] Check Pods Manifest.lock */,
				FE3665B127EA33F10055B79D /* Sources */,
				FE3665B227EA33F10055B79D /* Frameworks */,
				FE3665B327EA33F10055B79D /* Resources */,
				45464D8C0873AC7FD4DCABA6 /* [CP] Embed Pods Frameworks */,
			);
			buildRules = (
			);
			dependencies = (
			);
			name = MusicApp;
			productName = MusicApp;
			productReference = FE3665B527EA33F10055B79D /* MusicApp.app */;
			productType = "com.apple.product-type.application";
		};
/* End PBXNativeTarget section */

/* Begin PBXProject section */
		FE3665AD27EA33F10055B79D /* Project object */ = {
			isa = PBXProject;
			attributes = {
				LastSwiftUpdateCheck = 1150;
				LastUpgradeCheck = 1150;
				ORGANIZATIONNAME = "Akbala Tleugaliyeva";
				TargetAttributes = {
					FE3665B427EA33F10055B79D = {
						CreatedOnToolsVersion = 11.5;
					};
				};
			};
			buildConfigurationList = FE3665B027EA33F10055B79D /* Build configuration list for PBXProject "MusicApp" */;
			compatibilityVersion = "Xcode 9.3";
			developmentRegion = en;
			hasScannedForEncodings = 0;
			knownRegions = (
				en,
				Base,
			);
			mainGroup = FE3665AC27EA33F10055B79D;
			productRefGroup = FE3665B627EA33F10055B79D /* Products */;
			projectDirPath = "";
			projectRoot = "";
			targets = (
				FE3665B427EA33F10055B79D /* MusicApp */,
			);
		};
/* End PBXProject section */

/* Begin PBXResourcesBuildPhase section */
		FE3665B327EA33F10055B79D /* Resources */ = {
			isa = PBXResourcesBuildPhase;
			buildActionMask = 2147483647;
			files = (
				FE3665C527EA33F80055B79D /* LaunchScreen.storyboard in Resources */,
				FE3665C227EA33F80055B79D /* Assets.xcassets in Resources */,
				FE3665C027EA33F10055B79D /* Main.storyboard in Resources */,
			);
			runOnlyForDeploymentPostprocessing = 0;
		};
/* End PBXResourcesBuildPhase section */

/* Begin PBXShellScriptBuildPhase section */
		45464D8C0873AC7FD4DCABA6 /* [CP] Embed Pods Frameworks */ = {
			isa = PBXShellScriptBuildPhase;
			buildActionMask = 2147483647;
			files = (
			);
			inputFileListPaths = (
				"${PODS_ROOT}/Target Support Files/Pods-MusicApp/Pods-MusicApp-frameworks-${CONFIGURATION}-input-files.xcfilelist",
			);
			name = "[CP] Embed Pods Frameworks";
			outputFileListPaths = (
				"${PODS_ROOT}/Target Support Files/Pods-MusicApp/Pods-MusicApp-frameworks-${CONFIGURATION}-output-files.xcfilelist",
			);
			runOnlyForDeploymentPostprocessing = 0;
			shellPath = /bin/sh;
			shellScript = "\"${PODS_ROOT}/Target Support Files/Pods-MusicApp/Pods-MusicApp-frameworks.sh\"\n";
			showEnvVarsInLog = 0;
		};
		BFC68260CA6D38AF80F419D2 /* [CP] Check Pods Manifest.lock */ = {
			isa = PBXShellScriptBuildPhase;
			buildActionMask = 2147483647;
			files = (
			);
			inputFileListPaths = (
			);
			inputPaths = (
				"${PODS_PODFILE_DIR_PATH}/Podfile.lock",
				"${PODS_ROOT}/Manifest.lock",
			);
			name = "[CP] Check Pods Manifest.lock";
			outputFileListPaths = (
			);
			outputPaths = (
				"$(DERIVED_FILE_DIR)/Pods-MusicApp-checkManifestLockResult.txt",
			);
			runOnlyForDeploymentPostprocessing = 0;
			shellPath = /bin/sh;
			shellScript = "diff \"${PODS_PODFILE_DIR_PATH}/Podfile.lock\" \"${PODS_ROOT}/Manifest.lock\" > /dev/null\nif [ $? != 0 ] ; then\n    # print error to STDERR\n    echo \"error: The sandbox is not in sync with the Podfile.lock. Run 'pod install' or update your CocoaPods installation.\" >&2\n    exit 1\nfi\n# This output is used by Xcode 'outputs' to avoid re-running this script phase.\necho \"SUCCESS\" > \"${SCRIPT_OUTPUT_FILE_0}\"\n";
			showEnvVarsInLog = 0;
		};
/* End PBXShellScriptBuildPhase section */

/* Begin PBXSourcesBuildPhase section */
		FE3665B127EA33F10055B79D /* Sources */ = {
			isa = PBXSourcesBuildPhase;
			buildActionMask = 2147483647;
			files = (
				FE3665BD27EA33F10055B79D /* ViewController.swift in Sources */,
				FE3665CD27EA37480055B79D /* MusicTableViewController.swift in Sources */,
				FE3665CF27EA38E60055B79D /* itunesMusic.swift in Sources */,
				FE3665B927EA33F10055B79D /* AppDelegate.swift in Sources */,
				FE3665BB27EA33F10055B79D /* SceneDelegate.swift in Sources */,
				FE3665D127EA41560055B79D /* MusicTableViewCell.swift in Sources */,
			);
			runOnlyForDeploymentPostprocessing = 0;
		};
/* End PBXSourcesBuildPhase section */

/* Begin PBXVariantGroup section */
		FE3665BE27EA33F10055B79D /* Main.storyboard */ = {
			isa = PBXVariantGroup;
			children = (
				FE3665BF27EA33F10055B79D /* Base */,
			);
			name = Main.storyboard;
			sourceTree = "<group>";
		};
		FE3665C327EA33F80055B79D /* LaunchScreen.storyboard */ = {
			isa = PBXVariantGroup;
			children = (
				FE3665C427EA33F80055B79D /* Base */,
			);
			name = LaunchScreen.storyboard;
			sourceTree = "<group>";
		};
/* End PBXVariantGroup section */

/* Begin XCBuildConfiguration section */
		FE3665C727EA33F80055B79D /* Debug */ = {
			isa = XCBuildConfiguration;
			buildSettings = {
				ALWAYS_SEARCH_USER_PATHS = NO;
				CLANG_ANALYZER_NONNULL = YES;
				CLANG_ANALYZER_NUMBER_OBJECT_CONVERSION = YES_AGGRESSIVE;
				CLANG_CXX_LANGUAGE_STANDARD = "gnu++14";
				CLANG_CXX_LIBRARY = "libc++";
				CLANG_ENABLE_MODULES = YES;
				CLANG_ENABLE_OBJC_ARC = YES;
				CLANG_ENABLE_OBJC_WEAK = YES;
				CLANG_WARN_BLOCK_CAPTURE_AUTORELEASING = YES;
				CLANG_WARN_BOOL_CONVERSION = YES;
				CLANG_WARN_COMMA = YES;
				CLANG_WARN_CONSTANT_CONVERSION = YES;
				CLANG_WARN_DEPRECATED_OBJC_IMPLEMENTATIONS = YES;
				CLANG_WARN_DIRECT_OBJC_ISA_USAGE = YES_ERROR;
				CLANG_WARN_DOCUMENTATION_COMMENTS = YES;
				CLANG_WARN_EMPTY_BODY = YES;
				CLANG_WARN_ENUM_CONVERSION = YES;
				CLANG_WARN_INFINITE_RECURSION = YES;
				CLANG_WARN_INT_CONVERSION = YES;
				CLANG_WARN_NON_LITERAL_NULL_CONVERSION = YES;
				CLANG_WARN_OBJC_IMPLICIT_RETAIN_SELF = YES;
				CLANG_WARN_OBJC_LITERAL_CONVERSION = YES;
				CLANG_WARN_OBJC_ROOT_CLASS = YES_ERROR;
				CLANG_WARN_RANGE_LOOP_ANALYSIS = YES;
				CLANG_WARN_STRICT_PROTOTYPES = YES;
				CLANG_WARN_SUSPICIOUS_MOVE = YES;
				CLANG_WARN_UNGUARDED_AVAILABILITY = YES_AGGRESSIVE;
				CLANG_WARN_UNREACHABLE_CODE = YES;
				CLANG_WARN__DUPLICATE_METHOD_MATCH = YES;
				COPY_PHASE_STRIP = NO;
				DEBUG_INFORMATION_FORMAT = dwarf;
				ENABLE_STRICT_OBJC_MSGSEND = YES;
				ENABLE_TESTABILITY = YES;
				GCC_C_LANGUAGE_STANDARD = gnu11;
				GCC_DYNAMIC_NO_PIC = NO;
				GCC_NO_COMMON_BLOCKS = YES;
				GCC_OPTIMIZATION_LEVEL = 0;
				GCC_PREPROCESSOR_DEFINITIONS = (
					"DEBUG=1",
					"$(inherited)",
				);
				GCC_WARN_64_TO_32_BIT_CONVERSION = YES;
				GCC_WARN_ABOUT_RETURN_TYPE = YES_ERROR;
				GCC_WARN_UNDECLARED_SELECTOR = YES;
				GCC_WARN_UNINITIALIZED_AUTOS = YES_AGGRESSIVE;
				GCC_WARN_UNUSED_FUNCTION = YES;
				GCC_WARN_UNUSED_VARIABLE = YES;
				IPHONEOS_DEPLOYMENT_TARGET = 13.5;
				MTL_ENABLE_DEBUG_INFO = INCLUDE_SOURCE;
				MTL_FAST_MATH = YES;
				ONLY_ACTIVE_ARCH = YES;
				SDKROOT = iphoneos;
				SWIFT_ACTIVE_COMPILATION_CONDITIONS = DEBUG;
				SWIFT_OPTIMIZATION_LEVEL = "-Onone";
			};
			name = Debug;
		};
		FE3665C827EA33F80055B79D /* Release */ = {
			isa = XCBuildConfiguration;
			buildSettings = {
				ALWAYS_SEARCH_USER_PATHS = NO;
				CLANG_ANALYZER_NONNULL = YES;
				CLANG_ANALYZER_NUMBER_OBJECT_CONVERSION = YES_AGGRESSIVE;
				CLANG_CXX_LANGUAGE_STANDARD = "gnu++14";
				CLANG_CXX_LIBRARY = "libc++";
				CLANG_ENABLE_MODULES = YES;
				CLANG_ENABLE_OBJC_ARC = YES;
				CLANG_ENABLE_OBJC_WEAK = YES;
				CLANG_WARN_BLOCK_CAPTURE_AUTORELEASING = YES;
				CLANG_WARN_BOOL_CONVERSION = YES;
				CLANG_WARN_COMMA = YES;
				CLANG_WARN_CONSTANT_CONVERSION = YES;
				CLANG_WARN_DEPRECATED_OBJC_IMPLEMENTATIONS = YES;
				CLANG_WARN_DIRECT_OBJC_ISA_USAGE = YES_ERROR;
				CLANG_WARN_DOCUMENTATION_COMMENTS = YES;
				CLANG_WARN_EMPTY_BODY = YES;
				CLANG_WARN_ENUM_CONVERSION = YES;
				CLANG_WARN_INFINITE_RECURSION = YES;
				CLANG_WARN_INT_CONVERSION = YES;
				CLANG_WARN_NON_LITERAL_NULL_CONVERSION = YES;
				CLANG_WARN_OBJC_IMPLICIT_RETAIN_SELF = YES;
				CLANG_WARN_OBJC_LITERAL_CONVERSION = YES;
				CLANG_WARN_OBJC_ROOT_CLASS = YES_ERROR;
				CLANG_WARN_RANGE_LOOP_ANALYSIS = YES;
				CLANG_WARN_STRICT_PROTOTYPES = YES;
				CLANG_WARN_SUSPICIOUS_MOVE = YES;
				CLANG_WARN_UNGUARDED_AVAILABILITY = YES_AGGRESSIVE;
				CLANG_WARN_UNREACHABLE_CODE = YES;
				CLANG_WARN__DUPLICATE_METHOD_MATCH = YES;
				COPY_PHASE_STRIP = NO;
				DEBUG_INFORMATION_FORMAT = "dwarf-with-dsym";
				ENABLE_NS_ASSERTIONS = NO;
				ENABLE_STRICT_OBJC_MSGSEND = YES;
				GCC_C_LANGUAGE_STANDARD = gnu11;
				GCC_NO_COMMON_BLOCKS = YES;
				GCC_WARN_64_TO_32_BIT_CONVERSION = YES;
				GCC_WARN_ABOUT_RETURN_TYPE = YES_ERROR;
				GCC_WARN_UNDECLARED_SELECTOR = YES;
				GCC_WARN_UNINITIALIZED_AUTOS = YES_AGGRESSIVE;
				GCC_WARN_UNUSED_FUNCTION = YES;
				GCC_WARN_UNUSED_VARIABLE = YES;
				IPHONEOS_DEPLOYMENT_TARGET = 13.5;
				MTL_ENABLE_DEBUG_INFO = NO;
				MTL_FAST_MATH = YES;
				SDKROOT = iphoneos;
				SWIFT_COMPILATION_MODE = wholemodule;
				SWIFT_OPTIMIZATION_LEVEL = "-O";
				VALIDATE_PRODUCT = YES;
			};
			name = Release;
		};
		FE3665CA27EA33F80055B79D /* Debug */ = {
			isa = XCBuildConfiguration;
			baseConfigurationReference = 82C8DC7FAE40AEFE93040772 /* Pods-MusicApp.debug.xcconfig */;
			buildSettings = {
				ASSETCATALOG_COMPILER_APPICON_NAME = AppIcon;
				CODE_SIGN_STYLE = Automatic;
				INFOPLIST_FILE = MusicApp/Info.plist;
				LD_RUNPATH_SEARCH_PATHS = (
					"$(inherited)",
					"@executable_path/Frameworks",
				);
				PRODUCT_BUNDLE_IDENTIFIER = "akbala-astanait.edu.kz.MusicApp";
				PRODUCT_NAME = "$(TARGET_NAME)";
				SWIFT_VERSION = 5.0;
				TARGETED_DEVICE_FAMILY = "1,2";
			};
			name = Debug;
		};
		FE3665CB27EA33F80055B79D /* Release */ = {
			isa = XCBuildConfiguration;
			baseConfigurationReference = 91682237FAE3FAAE29B4D1D3 /* Pods-MusicApp.release.xcconfig */;
			buildSettings = {
				ASSETCATALOG_COMPILER_APPICON_NAME = AppIcon;
				CODE_SIGN_STYLE = Automatic;
				INFOPLIST_FILE = MusicApp/Info.plist;
				LD_RUNPATH_SEARCH_PATHS = (
					"$(inherited)",
					"@executable_path/Frameworks",
				);
				PRODUCT_BUNDLE_IDENTIFIER = "akbala-astanait.edu.kz.MusicApp";
				PRODUCT_NAME = "$(TARGET_NAME)";
				SWIFT_VERSION = 5.0;
				TARGETED_DEVICE_FAMILY = "1,2";
			};
			name = Release;
		};
/* End XCBuildConfiguration section */

/* Begin XCConfigurationList section */
		FE3665B027EA33F10055B79D /* Build configuration list for PBXProject "MusicApp" */ = {
			isa = XCConfigurationList;
			buildConfigurations = (
				FE3665C727EA33F80055B79D /* Debug */,
				FE3665C827EA33F80055B79D /* Release */,
			);
			defaultConfigurationIsVisible = 0;
			defaultConfigurationName = Release;
		};
		FE3665C927EA33F80055B79D /* Build configuration list for PBXNativeTarget "MusicApp" */ = {
			isa = XCConfigurationList;
			buildConfigurations = (
				FE3665CA27EA33F80055B79D /* Debug */,
				FE3665CB27EA33F80055B79D /* Release */,
			);
			defaultConfigurationIsVisible = 0;
			defaultConfigurationName = Release;
		};
/* End XCConfigurationList section */
	};
	rootObject = FE3665AD27EA33F10055B79D /* Project object */;
}
